{
  "version": "5",
  "specifiers": {
    "jsr:@cliffy/ansi@^1.0.0-rc.7": "1.0.0-rc.7",
    "jsr:@cliffy/command@^1.0.0-rc.7": "1.0.0-rc.7",
    "jsr:@cliffy/flags@1.0.0-rc.7": "1.0.0-rc.7",
    "jsr:@cliffy/internal@1.0.0-rc.7": "1.0.0-rc.7",
    "jsr:@cliffy/table@1.0.0-rc.7": "1.0.0-rc.7",
    "jsr:@std/encoding@~1.0.5": "1.0.10",
    "jsr:@std/fmt@~1.0.2": "1.0.8",
    "jsr:@std/fs@^1.0.18": "1.0.18",
    "jsr:@std/path@^1.1.0": "1.1.0",
    "jsr:@std/text@~1.0.7": "1.0.13",
    "jsr:@std/ulid@1": "1.0.0",
    "jsr:@std/yaml@^1.0.7": "1.0.7",
    "npm:zod@^3.25.53": "3.25.53"
  },
  "jsr": {
    "@cliffy/ansi@1.0.0-rc.7": {
      "integrity": "f71c921cce224c13d322e5cedba4f38e8f7354c7d855c9cb22729362a53f25aa",
      "dependencies": [
        "jsr:@cliffy/internal",
        "jsr:@std/encoding",
        "jsr:@std/fmt"
      ]
    },
    "@cliffy/command@1.0.0-rc.7": {
      "integrity": "1288808d7a3cd18b86c24c2f920e47a6d954b7e23cadc35c8cbd78f8be41f0cd",
      "dependencies": [
        "jsr:@cliffy/flags",
        "jsr:@cliffy/internal",
        "jsr:@cliffy/table",
        "jsr:@std/fmt",
        "jsr:@std/text"
      ]
    },
    "@cliffy/flags@1.0.0-rc.7": {
      "integrity": "318d9be98f6a6417b108e03dec427dea96cdd41a15beb21d2554ae6da450a781",
      "dependencies": [
        "jsr:@std/text"
      ]
    },
    "@cliffy/internal@1.0.0-rc.7": {
      "integrity": "10412636ab3e67517d448be9eaab1b70c88eba9be22617b5d146257a11cc9b17"
    },
    "@cliffy/table@1.0.0-rc.7": {
      "integrity": "9fdd9776eda28a0b397981c400eeb1aa36da2371b43eefe12e6ff555290e3180",
      "dependencies": [
        "jsr:@std/fmt"
      ]
    },
    "@std/encoding@1.0.10": {
      "integrity": "8783c6384a2d13abd5e9e87a7ae0520a30e9f56aeeaa3bdf910a3eaaf5c811a1"
    },
    "@std/fmt@1.0.8": {
      "integrity": "71e1fc498787e4434d213647a6e43e794af4fd393ef8f52062246e06f7e372b7"
    },
    "@std/fs@1.0.18": {
      "integrity": "24bcad99eab1af4fde75e05da6e9ed0e0dce5edb71b7e34baacf86ffe3969f3a",
      "dependencies": [
        "jsr:@std/path"
      ]
    },
    "@std/path@1.1.0": {
      "integrity": "ddc94f8e3c275627281cbc23341df6b8bcc874d70374f75fec2533521e3d6886"
    },
    "@std/text@1.0.13": {
      "integrity": "2191c90e6e667b0c3b7dea1cd082137580a93b3c136bad597c0212d5fe006eb1"
    },
    "@std/ulid@1.0.0": {
      "integrity": "d41c3d27a907714413649fee864b7cde8d42ee68437d22b79d5de4f81d808780"
    },
    "@std/yaml@1.0.7": {
      "integrity": "b4b9f6a625a6827ca2b75a3d240558b5ffd8b9a29945ec7614871be7b711a10a"
    }
  },
  "npm": {
    "zod@3.25.53": {
      "integrity": "sha512-BKOKoY3XcGUVkqaalCtFK15LhwR0G0i65AClFpWSXLN2gJNBGlTktukHgwexCTa/dAacPPp9ReryXPWyeZF4LQ=="
    }
  },
  "workspace": {
    "dependencies": [
      "jsr:@cliffy/ansi@^1.0.0-rc.7",
      "jsr:@cliffy/command@^1.0.0-rc.7",
      "jsr:@std/fs@^1.0.18",
      "jsr:@std/path@^1.1.0",
      "jsr:@std/ulid@1",
      "jsr:@std/yaml@^1.0.7",
      "npm:zod@^3.25.53"
    ]
  }
}
